
Microsoft Visual Studio Solution File, Format Version 12.00
# Visual Studio 14
VisualStudioVersion = 14.0.25420.1
MinimumVisualStudioVersion = 10.0.40219.1
Project("{FAE04EC0-301F-11D3-BF4B-00C04F79EFBC}") = "Mega Man Maker Library", "Mega Man Maker Library\Mega Man Maker Library.csproj", "{C666C677-2D17-4E69-893E-496F44D18948}"
EndProject
Project("{FAE04EC0-301F-11D3-BF4B-00C04F79EFBC}") = "MakerDriver", "MakerDriver\MakerDriver.csproj", "{BD101103-A6BA-4F18-A0F1-84FBAD178EB9}"
EndProject
Global
	GlobalSection(SolutionConfigurationPlatforms) = preSolution
		Debug|Any CPU = Debug|Any CPU
		Release|Any CPU = Release|Any CPU
	EndGlobalSection
	GlobalSection(ProjectConfigurationPlatforms) = postSolution
		{C666C677-2D17-4E69-893E-496F44D18948}.Debug|Any CPU.ActiveCfg = Debug|Any CPU
		{C666C677-2D17-4E69-893E-496F44D18948}.Debug|Any CPU.Build.0 = Debug|Any CPU
		{C666C677-2D17-4E69-893E-496F44D18948}.Release|Any CPU.ActiveCfg = Release|Any CPU
		{C666C677-2D17-4E69-893E-496F44D18948}.Release|Any CPU.Build.0 = Release|Any CPU
		{BD101103-A6BA-4F18-A0F1-84FBAD178EB9}.Debug|Any CPU.ActiveCfg = Debug|Any CPU
		{BD101103-A6BA-4F18-A0F1-84FBAD178EB9}.Debug|Any CPU.Build.0 = Debug|Any CPU
		{BD101103-A6BA-4F18-A0F1-84FBAD178EB9}.Release|Any CPU.ActiveCfg = Release|Any CPU
		{BD101103-A6BA-4F18-A0F1-84FBAD178EB9}.Release|Any CPU.Build.0 = Release|Any CPU
	EndGlobalSection
	GlobalSection(SolutionProperties) = preSolution
		HideSolutionNode = FALSE
	EndGlobalSection
EndGlobal
